// !$*UTF8*$!
{
	archiveVersion = 1;
	classes = {
	};
	objectVersion = 56;
	objects = {

/* Begin PBXBuildFile section */
		B00E8E50295DFBAD00801BBC /* NewEmojiTableViewController.swift in Sources */ = {isa = PBXBuildFile; fileRef = B00E8E4F295DFBAD00801BBC /* NewEmojiTableViewController.swift */; };
		B0541F27292A345E0066BAED /* AppDelegate.swift in Sources */ = {isa = PBXBuildFile; fileRef = B0541F26292A345E0066BAED /* AppDelegate.swift */; };
		B0541F29292A345E0066BAED /* SceneDelegate.swift in Sources */ = {isa = PBXBuildFile; fileRef = B0541F28292A345E0066BAED /* SceneDelegate.swift */; };
		B0541F2B292A345E0066BAED /* ViewController.swift in Sources */ = {isa = PBXBuildFile; fileRef = B0541F2A292A345E0066BAED /* ViewController.swift */; };
		B0541F2E292A345E0066BAED /* Main.storyboard in Resources */ = {isa = PBXBuildFile; fileRef = B0541F2C292A345E0066BAED /* Main.storyboard */; };
		B0541F30292A345E0066BAED /* Assets.xcassets in Resources */ = {isa = PBXBuildFile; fileRef = B0541F2F292A345E0066BAED /* Assets.xcassets */; };
		B0541F33292A345E0066BAED /* LaunchScreen.storyboard in Resources */ = {isa = PBXBuildFile; fileRef = B0541F31292A345E0066BAED /* LaunchScreen.storyboard */; };
		B0541F3B292A36860066BAED /* EmojiTableViewController.swift in Sources */ = {isa = PBXBuildFile; fileRef = B0541F3A292A36860066BAED /* EmojiTableViewController.swift */; };
		B0541F3D292A7E660066BAED /* EmojiTableViewCell.swift in Sources */ = {isa = PBXBuildFile; fileRef = B0541F3C292A7E660066BAED /* EmojiTableViewCell.swift */; };
		B0541F3F292A80970066BAED /* EmojiModel.swift in Sources */ = {isa = PBXBuildFile; fileRef = B0541F3E292A80970066BAED /* EmojiModel.swift */; };
/* End PBXBuildFile section */

/* Begin PBXFileReference section */
		B00E8E4F295DFBAD00801BBC /* NewEmojiTableViewController.swift */ = {isa = PBXFileReference; lastKnownFileType = sourcecode.swift; path = NewEmojiTableViewController.swift; sourceTree = "<group>"; };
		B0541F23292A345E0066BAED /* EmojiReader.app */ = {isa = PBXFileReference; explicitFileType = wrapper.application; includeInIndex = 0; path = EmojiReader.app; sourceTree = BUILT_PRODUCTS_DIR; };
		B0541F26292A345E0066BAED /* AppDelegate.swift */ = {isa = PBXFileReference; lastKnownFileType = sourcecode.swift; path = AppDelegate.swift; sourceTree = "<group>"; };
		B0541F28292A345E0066BAED /* SceneDelegate.swift */ = {isa = PBXFileReference; lastKnownFileType = sourcecode.swift; path = SceneDelegate.swift; sourceTree = "<group>"; };
		B0541F2A292A345E0066BAED /* ViewController.swift */ = {isa = PBXFileReference; lastKnownFileType = sourcecode.swift; path = ViewController.swift; sourceTree = "<group>"; };
		B0541F2D292A345E0066BAED /* Base */ = {isa = PBXFileReference; lastKnownFileType = file.storyboard; name = Base; path = Base.lproj/Main.storyboard; sourceTree = "<group>"; };
		B0541F2F292A345E0066BAED /* Assets.xcassets */ = {isa = PBXFileReference; lastKnownFileType = folder.assetcatalog; path = Assets.xcassets; sourceTree = "<group>"; };
		B0541F32292A345E0066BAED /* Base */ = {isa = PBXFileReference; lastKnownFileType = file.storyboard; name = Base; path = Base.lproj/LaunchScreen.storyboard; sourceTree = "<group>"; };
		B0541F34292A345E0066BAED /* Info.plist */ = {isa = PBXFileReference; lastKnownFileType = text.plist.xml; path = Info.plist; sourceTree = "<group>"; };
		B0541F3A292A36860066BAED /* EmojiTableViewController.swift */ = {isa = PBXFileReference; lastKnownFileType = sourcecode.swift; path = EmojiTableViewController.swift; sourceTree = "<group>"; };
		B0541F3C292A7E660066BAED /* EmojiTableViewCell.swift */ = {isa = PBXFileReference; lastKnownFileType = sourcecode.swift; path = EmojiTableViewCell.swift; sourceTree = "<group>"; };
		B0541F3E292A80970066BAED /* EmojiModel.swift */ = {isa = PBXFileReference; lastKnownFileType = sourcecode.swift; path = EmojiModel.swift; sourceTree = "<group>"; };
/* End PBXFileReference section */

/* Begin PBXFrameworksBuildPhase section */
		B0541F20292A345D0066BAED /* Frameworks */ = {
			isa = PBXFrameworksBuildPhase;
			buildActionMask = 2147483647;
			files = (
			);
			runOnlyForDeploymentPostprocessing = 0;
		};
/* End PBXFrameworksBuildPhase section */

/* Begin PBXGroup section */
		B0541F1A292A345D0066BAED = {
			isa = PBXGroup;
			children = (
				B0541F25292A345E0066BAED /* EmojiReader */,
				B0541F24292A345E0066BAED /* Products */,
			);
			sourceTree = "<group>";
		};
		B0541F24292A345E0066BAED /* Products */ = {
			isa = PBXGroup;
			children = (
				B0541F23292A345E0066BAED /* EmojiReader.app */,
			);
			name = Products;
			sourceTree = "<group>";
		};
		B0541F25292A345E0066BAED /* EmojiReader */ = {
			isa = PBXGroup;
			children = (
				B0541F40292A83330066BAED /* Emoji */,
				B0541F26292A345E0066BAED /* AppDelegate.swift */,
				B0541F28292A345E0066BAED /* SceneDelegate.swift */,
				B0541F2A292A345E0066BAED /* ViewController.swift */,
				B0541F2C292A345E0066BAED /* Main.storyboard */,
				B00E8E4F295DFBAD00801BBC /* NewEmojiTableViewController.swift */,
				B0541F2F292A345E0066BAED /* Assets.xcassets */,
				B0541F31292A345E0066BAED /* LaunchScreen.storyboard */,
				B0541F34292A345E0066BAED /* Info.plist */,
			);
			path = EmojiReader;
			sourceTree = "<group>";
		};
		B0541F40292A83330066BAED /* Emoji */ = {
			isa = PBXGroup;
			children = (
				B0541F3E292A80970066BAED /* EmojiModel.swift */,
				B0541F3A292A36860066BAED /* EmojiTableViewController.swift */,
				B0541F3C292A7E660066BAED /* EmojiTableViewCell.swift */,
			);
			path = Emoji;
			sourceTree = "<group>";
		};
/* End PBXGroup section */

/* Begin PBXNativeTarget section */
		B0541F22292A345D0066BAED /* EmojiReader */ = {
			isa = PBXNativeTarget;
			buildConfigurationList = B0541F37292A345E0066BAED /* Build configuration list for PBXNativeTarget "EmojiReader" */;
			buildPhases = (
				B0541F1F292A345D0066BAED /* Sources */,
				B0541F20292A345D0066BAED /* Frameworks */,
				B0541F21292A345D0066BAED /* Resources */,
			);
			buildRules = (
			);
			dependencies = (
			);
			name = EmojiReader;
			productName = EmojiReader;
			productReference = B0541F23292A345E0066BAED /* EmojiReader.app */;
			productType = "com.apple.product-type.application";
		};
/* End PBXNativeTarget section */

/* Begin PBXProject section */
		B0541F1B292A345D0066BAED /* Project object */ = {
			isa = PBXProject;
			attributes = {
				BuildIndependentTargetsInParallel = 1;
				LastSwiftUpdateCheck = 1400;
				LastUpgradeCheck = 1400;
				TargetAttributes = {
					B0541F22292A345D0066BAED = {
						CreatedOnToolsVersion = 14.0.1;
					};
				};
			};
			buildConfigurationList = B0541F1E292A345D0066BAED /* Build configuration list for PBXProject "EmojiReader" */;
			compatibilityVersion = "Xcode 14.0";
			developmentRegion = en;
			hasScannedForEncodings = 0;
			knownRegions = (
				en,
				Base,
			);
			mainGroup = B0541F1A292A345D0066BAED;
			productRefGroup = B0541F24292A345E0066BAED /* Products */;
			projectDirPath = "";
			projectRoot = "";
			targets = (
				B0541F22292A345D0066BAED /* EmojiReader */,
			);
		};
/* End PBXProject section */

/* Begin PBXResourcesBuildPhase section */
		B0541F21292A345D0066BAED /* Resources */ = {
			isa = PBXResourcesBuildPhase;
			buildActionMask = 2147483647;
			files = (
				B0541F33292A345E0066BAED /* LaunchScreen.storyboard in Resources */,
				B0541F30292A345E0066BAED /* Assets.xcassets in Resources */,
				B0541F2E292A345E0066BAED /* Main.storyboard in Resources */,
			);
			runOnlyForDeploymentPostprocessing = 0;
		};
/* End PBXResourcesBuildPhase section */

/* Begin PBXSourcesBuildPhase section */
		B0541F1F292A345D0066BAED /* Sources */ = {
			isa = PBXSourcesBuildPhase;
			buildActionMask = 2147483647;
			files = (
				B0541F3B292A36860066BAED /* EmojiTableViewController.swift in Sources */,
				B0541F2B292A345E0066BAED /* ViewController.swift in Sources */,
				B0541F3F292A80970066BAED /* EmojiModel.swift in Sources */,
				B0541F3D292A7E660066BAED /* EmojiTableViewCell.swift in Sources */,
				B00E8E50295DFBAD00801BBC /* NewEmojiTableViewController.swift in Sources */,
				B0541F27292A345E0066BAED /* AppDelegate.swift in Sources */,
				B0541F29292A345E0066BAED /* SceneDelegate.swift in Sources */,
			);
			runOnlyForDeploymentPostprocessing = 0;
		};
/* End PBXSourcesBuildPhase section */

/* Begin PBXVariantGroup section */
		B0541F2C292A345E0066BAED /* Main.storyboard */ = {
			isa = PBXVariantGroup;
			children = (
				B0541F2D292A345E0066BAED /* Base */,
			);
			name = Main.storyboard;
			sourceTree = "<group>";
		};
		B0541F31292A345E0066BAED /* LaunchScreen.storyboard */ = {
			isa = PBXVariantGroup;
			children = (
				B0541F32292A345E0066BAED /* Base */,
			);
			name = LaunchScreen.storyboard;
			sourceTree = "<group>";
		};
/* End PBXVariantGroup section */

/* Begin XCBuildConfiguration section */
		B0541F35292A345E0066BAED /* Debug */ = {
			isa = XCBuildConfiguration;
			buildSettings = {
				ALWAYS_SEARCH_USER_PATHS = NO;
				CLANG_ANALYZER_NONNULL = YES;
				CLANG_ANALYZER_NUMBER_OBJECT_CONVERSION = YES_AGGRESSIVE;
				CLANG_CXX_LANGUAGE_STANDARD = "gnu++20";
				CLANG_ENABLE_MODULES = YES;
				CLANG_ENABLE_OBJC_ARC = YES;
				CLANG_ENABLE_OBJC_WEAK = YES;
				CLANG_WARN_BLOCK_CAPTURE_AUTORELEASING = YES;
				CLANG_WARN_BOOL_CONVERSION = YES;
				CLANG_WARN_COMMA = YES;
				CLANG_WARN_CONSTANT_CONVERSION = YES;
				CLANG_WARN_DEPRECATED_OBJC_IMPLEMENTATIONS = YES;
				CLANG_WARN_DIRECT_OBJC_ISA_USAGE = YES_ERROR;
				CLANG_WARN_DOCUMENTATION_COMMENTS = YES;
				CLANG_WARN_EMPTY_BODY = YES;
				CLANG_WARN_ENUM_CONVERSION = YES;
				CLANG_WARN_INFINITE_RECURSION = YES;
				CLANG_WARN_INT_CONVERSION = YES;
				CLANG_WARN_NON_LITERAL_NULL_CONVERSION = YES;
				CLANG_WARN_OBJC_IMPLICIT_RETAIN_SELF = YES;
				CLANG_WARN_OBJC_LITERAL_CONVERSION = YES;
				CLANG_WARN_OBJC_ROOT_CLASS = YES_ERROR;
				CLANG_WARN_QUOTED_INCLUDE_IN_FRAMEWORK_HEADER = YES;
				CLANG_WARN_RANGE_LOOP_ANALYSIS = YES;
				CLANG_WARN_STRICT_PROTOTYPES = YES;
				CLANG_WARN_SUSPICIOUS_MOVE = YES;
				CLANG_WARN_UNGUARDED_AVAILABILITY = YES_AGGRESSIVE;
				CLANG_WARN_UNREACHABLE_CODE = YES;
				CLANG_WARN__DUPLICATE_METHOD_MATCH = YES;
				COPY_PHASE_STRIP = NO;
				DEBUG_INFORMATION_FORMAT = dwarf;
				ENABLE_STRICT_OBJC_MSGSEND = YES;
				ENABLE_TESTABILITY = YES;
				GCC_C_LANGUAGE_STANDARD = gnu11;
				GCC_DYNAMIC_NO_PIC = NO;
				GCC_NO_COMMON_BLOCKS = YES;
				GCC_OPTIMIZATION_LEVEL = 0;
				GCC_PREPROCESSOR_DEFINITIONS = (
					"DEBUG=1",
					"$(inherited)",
				);
				GCC_WARN_64_TO_32_BIT_CONVERSION = YES;
				GCC_WARN_ABOUT_RETURN_TYPE = YES_ERROR;
				GCC_WARN_UNDECLARED_SELECTOR = YES;
				GCC_WARN_UNINITIALIZED_AUTOS = YES_AGGRESSIVE;
				GCC_WARN_UNUSED_FUNCTION = YES;
				GCC_WARN_UNUSED_VARIABLE = YES;
				IPHONEOS_DEPLOYMENT_TARGET = 16.0;
				MTL_ENABLE_DEBUG_INFO = INCLUDE_SOURCE;
				MTL_FAST_MATH = YES;
				ONLY_ACTIVE_ARCH = YES;
				SDKROOT = iphoneos;
				SWIFT_ACTIVE_COMPILATION_CONDITIONS = DEBUG;
				SWIFT_OPTIMIZATION_LEVEL = "-Onone";
			};
			name = Debug;
		};
		B0541F36292A345E0066BAED /* Release */ = {
			isa = XCBuildConfiguration;
			buildSettings = {
				ALWAYS_SEARCH_USER_PATHS = NO;
				CLANG_ANALYZER_NONNULL = YES;
				CLANG_ANALYZER_NUMBER_OBJECT_CONVERSION = YES_AGGRESSIVE;
				CLANG_CXX_LANGUAGE_STANDARD = "gnu++20";
				CLANG_ENABLE_MODULES = YES;
				CLANG_ENABLE_OBJC_ARC = YES;
				CLANG_ENABLE_OBJC_WEAK = YES;
				CLANG_WARN_BLOCK_CAPTURE_AUTORELEASING = YES;
				CLANG_WARN_BOOL_CONVERSION = YES;
				CLANG_WARN_COMMA = YES;
				CLANG_WARN_CONSTANT_CONVERSION = YES;
				CLANG_WARN_DEPRECATED_OBJC_IMPLEMENTATIONS = YES;
				CLANG_WARN_DIRECT_OBJC_ISA_USAGE = YES_ERROR;
				CLANG_WARN_DOCUMENTATION_COMMENTS = YES;
				CLANG_WARN_EMPTY_BODY = YES;
				CLANG_WARN_ENUM_CONVERSION = YES;
				CLANG_WARN_INFINITE_RECURSION = YES;
				CLANG_WARN_INT_CONVERSION = YES;
				CLANG_WARN_NON_LITERAL_NULL_CONVERSION = YES;
				CLANG_WARN_OBJC_IMPLICIT_RETAIN_SELF = YES;
				CLANG_WARN_OBJC_LITERAL_CONVERSION = YES;
				CLANG_WARN_OBJC_ROOT_CLASS = YES_ERROR;
				CLANG_WARN_QUOTED_INCLUDE_IN_FRAMEWORK_HEADER = YES;
				CLANG_WARN_RANGE_LOOP_ANALYSIS = YES;
				CLANG_WARN_STRICT_PROTOTYPES = YES;
				CLANG_WARN_SUSPICIOUS_MOVE = YES;
				CLANG_WARN_UNGUARDED_AVAILABILITY = YES_AGGRESSIVE;
				CLANG_WARN_UNREACHABLE_CODE = YES;
				CLANG_WARN__DUPLICATE_METHOD_MATCH = YES;
				COPY_PHASE_STRIP = NO;
				DEBUG_INFORMATION_FORMAT = "dwarf-with-dsym";
				ENABLE_NS_ASSERTIONS = NO;
				ENABLE_STRICT_OBJC_MSGSEND = YES;
				GCC_C_LANGUAGE_STANDARD = gnu11;
				GCC_NO_COMMON_BLOCKS = YES;
				GCC_WARN_64_TO_32_BIT_CONVERSION = YES;
				GCC_WARN_ABOUT_RETURN_TYPE = YES_ERROR;
				GCC_WARN_UNDECLARED_SELECTOR = YES;
				GCC_WARN_UNINITIALIZED_AUTOS = YES_AGGRESSIVE;
				GCC_WARN_UNUSED_FUNCTION = YES;
				GCC_WARN_UNUSED_VARIABLE = YES;
				IPHONEOS_DEPLOYMENT_TARGET = 16.0;
				MTL_ENABLE_DEBUG_INFO = NO;
				MTL_FAST_MATH = YES;
				SDKROOT = iphoneos;
				SWIFT_COMPILATION_MODE = wholemodule;
				SWIFT_OPTIMIZATION_LEVEL = "-O";
				VALIDATE_PRODUCT = YES;
			};
			name = Release;
		};
		B0541F38292A345E0066BAED /* Debug */ = {
			isa = XCBuildConfiguration;
			buildSettings = {
				ASSETCATALOG_COMPILER_APPICON_NAME = AppIcon;
				ASSETCATALOG_COMPILER_GLOBAL_ACCENT_COLOR_NAME = AccentColor;
				CODE_SIGN_STYLE = Automatic;
				CURRENT_PROJECT_VERSION = 1;
				GENERATE_INFOPLIST_FILE = YES;
				INFOPLIST_FILE = EmojiReader/Info.plist;
				INFOPLIST_KEY_UIApplicationSupportsIndirectInputEvents = YES;
				INFOPLIST_KEY_UILaunchStoryboardName = LaunchScreen;
				INFOPLIST_KEY_UIMainStoryboardFile = Main;
				INFOPLIST_KEY_UISupportedInterfaceOrientations = UIInterfaceOrientationPortrait;
				INFOPLIST_KEY_UISupportedInterfaceOrientations_iPad = "UIInterfaceOrientationLandscapeLeft UIInterfaceOrientationLandscapeRight UIInterfaceOrientationPortrait UIInterfaceOrientationPortraitUpsideDown";
				LD_RUNPATH_SEARCH_PATHS = (
					"$(inherited)",
					"@executable_path/Frameworks",
				);
				MARKETING_VERSION = 1.0;
				PRODUCT_BUNDLE_IDENTIFIER = com.example.EmojiReader;
				PRODUCT_NAME = "$(TARGET_NAME)";
				SUPPORTED_PLATFORMS = "iphoneos iphonesimulator";
				SUPPORTS_MACCATALYST = NO;
				SUPPORTS_MAC_DESIGNED_FOR_IPHONE_IPAD = NO;
				SWIFT_EMIT_LOC_STRINGS = YES;
				SWIFT_VERSION = 5.0;
				TARGETED_DEVICE_FAMILY = 1;
			};
			name = Debug;
		};
		B0541F39292A345E0066BAED /* Release */ = {
			isa = XCBuildConfiguration;
			buildSettings = {
				ASSETCATALOG_COMPILER_APPICON_NAME = AppIcon;
				ASSETCATALOG_COMPILER_GLOBAL_ACCENT_COLOR_NAME = AccentColor;
				CODE_SIGN_STYLE = Automatic;
				CURRENT_PROJECT_VERSION = 1;
				GENERATE_INFOPLIST_FILE = YES;
				INFOPLIST_FILE = EmojiReader/Info.plist;
				INFOPLIST_KEY_UIApplicationSupportsIndirectInputEvents = YES;
				INFOPLIST_KEY_UILaunchStoryboardName = LaunchScreen;
				INFOPLIST_KEY_UIMainStoryboardFile = Main;
				INFOPLIST_KEY_UISupportedInterfaceOrientations = UIInterfaceOrientationPortrait;
				INFOPLIST_KEY_UISupportedInterfaceOrientations_iPad = "UIInterfaceOrientationLandscapeLeft UIInterfaceOrientationLandscapeRight UIInterfaceOrientationPortrait UIInterfaceOrientationPortraitUpsideDown";
				LD_RUNPATH_SEARCH_PATHS = (
					"$(inherited)",
					"@executable_path/Frameworks",
				);
				MARKETING_VERSION = 1.0;
				PRODUCT_BUNDLE_IDENTIFIER = com.example.EmojiReader;
				PRODUCT_NAME = "$(TARGET_NAME)";
				SUPPORTED_PLATFORMS = "iphoneos iphonesimulator";
				SUPPORTS_MACCATALYST = NO;
				SUPPORTS_MAC_DESIGNED_FOR_IPHONE_IPAD = NO;
				SWIFT_EMIT_LOC_STRINGS = YES;
				SWIFT_VERSION = 5.0;
				TARGETED_DEVICE_FAMILY = 1;
			};
			name = Release;
		};
/* End XCBuildConfiguration section */

/* Begin XCConfigurationList section */
		B0541F1E292A345D0066BAED /* Build configuration list for PBXProject "EmojiReader" */ = {
			isa = XCConfigurationList;
			buildConfigurations = (
				B0541F35292A345E0066BAED /* Debug */,
				B0541F36292A345E0066BAED /* Release */,
			);
			defaultConfigurationIsVisible = 0;
			defaultConfigurationName = Release;
		};
		B0541F37292A345E0066BAED /* Build configuration list for PBXNativeTarget "EmojiReader" */ = {
			isa = XCConfigurationList;
			buildConfigurations = (
				B0541F38292A345E0066BAED /* Debug */,
				B0541F39292A345E0066BAED /* Release */,
			);
			defaultConfigurationIsVisible = 0;
			defaultConfigurationName = Release;
		};
/* End XCConfigurationList section */
	};
	rootObject = B0541F1B292A345D0066BAED /* Project object */;
}
